// !$*UTF8*$!
{
	archiveVersion = 1;
	classes = {
	};
	objectVersion = 46;
	objects = {

/* Begin PBXBuildFile section */
		31B69E6B19C7976E00D0A5AB /* FISSentenceSpec.m in Sources */ = {isa = PBXBuildFile; fileRef = 31B69E6A19C7976E00D0A5AB /* FISSentenceSpec.m */; };
		D1A895799D714D5DA2E9B307 /* libPods-OO-sentenceTests.a in Frameworks */ = {isa = PBXBuildFile; fileRef = D412C81B69564DCD9D373A1D /* libPods-OO-sentenceTests.a */; };
		D8EC4E2619C64AE6002E0FA4 /* Foundation.framework in Frameworks */ = {isa = PBXBuildFile; fileRef = D8EC4E2519C64AE6002E0FA4 /* Foundation.framework */; };
		D8EC4E2819C64AE6002E0FA4 /* CoreGraphics.framework in Frameworks */ = {isa = PBXBuildFile; fileRef = D8EC4E2719C64AE6002E0FA4 /* CoreGraphics.framework */; };
		D8EC4E2A19C64AE6002E0FA4 /* UIKit.framework in Frameworks */ = {isa = PBXBuildFile; fileRef = D8EC4E2919C64AE6002E0FA4 /* UIKit.framework */; };
		D8EC4E3019C64AE6002E0FA4 /* InfoPlist.strings in Resources */ = {isa = PBXBuildFile; fileRef = D8EC4E2E19C64AE6002E0FA4 /* InfoPlist.strings */; };
		D8EC4E3219C64AE6002E0FA4 /* main.m in Sources */ = {isa = PBXBuildFile; fileRef = D8EC4E3119C64AE6002E0FA4 /* main.m */; };
		D8EC4E3619C64AE6002E0FA4 /* FISAppDelegate.m in Sources */ = {isa = PBXBuildFile; fileRef = D8EC4E3519C64AE6002E0FA4 /* FISAppDelegate.m */; };
		D8EC4E3819C64AE6002E0FA4 /* Images.xcassets in Resources */ = {isa = PBXBuildFile; fileRef = D8EC4E3719C64AE6002E0FA4 /* Images.xcassets */; };
		D8EC4E3F19C64AE6002E0FA4 /* XCTest.framework in Frameworks */ = {isa = PBXBuildFile; fileRef = D8EC4E3E19C64AE6002E0FA4 /* XCTest.framework */; };
		D8EC4E4019C64AE6002E0FA4 /* Foundation.framework in Frameworks */ = {isa = PBXBuildFile; fileRef = D8EC4E2519C64AE6002E0FA4 /* Foundation.framework */; };
		D8EC4E4119C64AE6002E0FA4 /* UIKit.framework in Frameworks */ = {isa = PBXBuildFile; fileRef = D8EC4E2919C64AE6002E0FA4 /* UIKit.framework */; };
		D8EC4E4919C64AE6002E0FA4 /* InfoPlist.strings in Resources */ = {isa = PBXBuildFile; fileRef = D8EC4E4719C64AE6002E0FA4 /* InfoPlist.strings */; };
/* End PBXBuildFile section */

/* Begin PBXContainerItemProxy section */
		D8EC4E4219C64AE6002E0FA4 /* PBXContainerItemProxy */ = {
			isa = PBXContainerItemProxy;
			containerPortal = D8EC4E1A19C64AE6002E0FA4 /* Project object */;
			proxyType = 1;
			remoteGlobalIDString = D8EC4E2119C64AE6002E0FA4;
			remoteInfo = "OO-sentence";
		};
/* End PBXContainerItemProxy section */

/* Begin PBXFileReference section */
		31B69E6A19C7976E00D0A5AB /* FISSentenceSpec.m */ = {isa = PBXFileReference; fileEncoding = 4; lastKnownFileType = sourcecode.c.objc; path = FISSentenceSpec.m; sourceTree = "<group>"; };
		31CBD5D7EBE2C6E3DFE1778F /* Pods-OO-sentenceTests.release.xcconfig */ = {isa = PBXFileReference; includeInIndex = 1; lastKnownFileType = text.xcconfig; name = "Pods-OO-sentenceTests.release.xcconfig"; path = "Pods/Target Support Files/Pods-OO-sentenceTests/Pods-OO-sentenceTests.release.xcconfig"; sourceTree = "<group>"; };
		B77B44D61F15DC74CDD1ABB7 /* Pods-OO-sentenceTests.debug.xcconfig */ = {isa = PBXFileReference; includeInIndex = 1; lastKnownFileType = text.xcconfig; name = "Pods-OO-sentenceTests.debug.xcconfig"; path = "Pods/Target Support Files/Pods-OO-sentenceTests/Pods-OO-sentenceTests.debug.xcconfig"; sourceTree = "<group>"; };
		D412C81B69564DCD9D373A1D /* libPods-OO-sentenceTests.a */ = {isa = PBXFileReference; explicitFileType = archive.ar; includeInIndex = 0; path = "libPods-OO-sentenceTests.a"; sourceTree = BUILT_PRODUCTS_DIR; };
		D8EC4E2219C64AE6002E0FA4 /* OO-sentence.app */ = {isa = PBXFileReference; explicitFileType = wrapper.application; includeInIndex = 0; path = "OO-sentence.app"; sourceTree = BUILT_PRODUCTS_DIR; };
		D8EC4E2519C64AE6002E0FA4 /* Foundation.framework */ = {isa = PBXFileReference; lastKnownFileType = wrapper.framework; name = Foundation.framework; path = System/Library/Frameworks/Foundation.framework; sourceTree = SDKROOT; };
		D8EC4E2719C64AE6002E0FA4 /* CoreGraphics.framework */ = {isa = PBXFileReference; lastKnownFileType = wrapper.framework; name = CoreGraphics.framework; path = System/Library/Frameworks/CoreGraphics.framework; sourceTree = SDKROOT; };
		D8EC4E2919C64AE6002E0FA4 /* UIKit.framework */ = {isa = PBXFileReference; lastKnownFileType = wrapper.framework; name = UIKit.framework; path = System/Library/Frameworks/UIKit.framework; sourceTree = SDKROOT; };
		D8EC4E2D19C64AE6002E0FA4 /* OO-sentence-Info.plist */ = {isa = PBXFileReference; lastKnownFileType = text.plist.xml; path = "OO-sentence-Info.plist"; sourceTree = "<group>"; };
		D8EC4E2F19C64AE6002E0FA4 /* en */ = {isa = PBXFileReference; lastKnownFileType = text.plist.strings; name = en; path = en.lproj/InfoPlist.strings; sourceTree = "<group>"; };
		D8EC4E3119C64AE6002E0FA4 /* main.m */ = {isa = PBXFileReference; lastKnownFileType = sourcecode.c.objc; path = main.m; sourceTree = "<group>"; };
		D8EC4E3319C64AE6002E0FA4 /* OO-sentence-Prefix.pch */ = {isa = PBXFileReference; lastKnownFileType = sourcecode.c.h; path = "OO-sentence-Prefix.pch"; sourceTree = "<group>"; };
		D8EC4E3419C64AE6002E0FA4 /* FISAppDelegate.h */ = {isa = PBXFileReference; lastKnownFileType = sourcecode.c.h; path = FISAppDelegate.h; sourceTree = "<group>"; };
		D8EC4E3519C64AE6002E0FA4 /* FISAppDelegate.m */ = {isa = PBXFileReference; lastKnownFileType = sourcecode.c.objc; path = FISAppDelegate.m; sourceTree = "<group>"; };
		D8EC4E3719C64AE6002E0FA4 /* Images.xcassets */ = {isa = PBXFileReference; lastKnownFileType = folder.assetcatalog; path = Images.xcassets; sourceTree = "<group>"; };
		D8EC4E3D19C64AE6002E0FA4 /* OO-sentenceTests.xctest */ = {isa = PBXFileReference; explicitFileType = wrapper.cfbundle; includeInIndex = 0; path = "OO-sentenceTests.xctest"; sourceTree = BUILT_PRODUCTS_DIR; };
		D8EC4E3E19C64AE6002E0FA4 /* XCTest.framework */ = {isa = PBXFileReference; lastKnownFileType = wrapper.framework; name = XCTest.framework; path = Library/Frameworks/XCTest.framework; sourceTree = DEVELOPER_DIR; };
		D8EC4E4619C64AE6002E0FA4 /* OO-sentenceTests-Info.plist */ = {isa = PBXFileReference; lastKnownFileType = text.plist.xml; path = "OO-sentenceTests-Info.plist"; sourceTree = "<group>"; };
		D8EC4E4819C64AE6002E0FA4 /* en */ = {isa = PBXFileReference; lastKnownFileType = text.plist.strings; name = en; path = en.lproj/InfoPlist.strings; sourceTree = "<group>"; };
/* End PBXFileReference section */

/* Begin PBXFrameworksBuildPhase section */
		D8EC4E1F19C64AE6002E0FA4 /* Frameworks */ = {
			isa = PBXFrameworksBuildPhase;
			buildActionMask = 2147483647;
			files = (
				D8EC4E2819C64AE6002E0FA4 /* CoreGraphics.framework in Frameworks */,
				D8EC4E2A19C64AE6002E0FA4 /* UIKit.framework in Frameworks */,
				D8EC4E2619C64AE6002E0FA4 /* Foundation.framework in Frameworks */,
			);
			runOnlyForDeploymentPostprocessing = 0;
		};
		D8EC4E3A19C64AE6002E0FA4 /* Frameworks */ = {
			isa = PBXFrameworksBuildPhase;
			buildActionMask = 2147483647;
			files = (
				D8EC4E3F19C64AE6002E0FA4 /* XCTest.framework in Frameworks */,
				D8EC4E4119C64AE6002E0FA4 /* UIKit.framework in Frameworks */,
				D8EC4E4019C64AE6002E0FA4 /* Foundation.framework in Frameworks */,
				D1A895799D714D5DA2E9B307 /* libPods-OO-sentenceTests.a in Frameworks */,
			);
			runOnlyForDeploymentPostprocessing = 0;
		};
/* End PBXFrameworksBuildPhase section */

/* Begin PBXGroup section */
		9E62953ADFEFA0CD11A8B5A1 /* Pods */ = {
			isa = PBXGroup;
			children = (
				B77B44D61F15DC74CDD1ABB7 /* Pods-OO-sentenceTests.debug.xcconfig */,
				31CBD5D7EBE2C6E3DFE1778F /* Pods-OO-sentenceTests.release.xcconfig */,
			);
			name = Pods;
			sourceTree = "<group>";
		};
		D8EC4E1919C64AE6002E0FA4 = {
			isa = PBXGroup;
			children = (
				D8EC4E2B19C64AE6002E0FA4 /* OO-sentence */,
				D8EC4E4419C64AE6002E0FA4 /* OO-sentenceTests */,
				D8EC4E2419C64AE6002E0FA4 /* Frameworks */,
				D8EC4E2319C64AE6002E0FA4 /* Products */,
				9E62953ADFEFA0CD11A8B5A1 /* Pods */,
			);
			sourceTree = "<group>";
		};
		D8EC4E2319C64AE6002E0FA4 /* Products */ = {
			isa = PBXGroup;
			children = (
				D8EC4E2219C64AE6002E0FA4 /* OO-sentence.app */,
				D8EC4E3D19C64AE6002E0FA4 /* OO-sentenceTests.xctest */,
			);
			name = Products;
			sourceTree = "<group>";
		};
		D8EC4E2419C64AE6002E0FA4 /* Frameworks */ = {
			isa = PBXGroup;
			children = (
				D8EC4E2519C64AE6002E0FA4 /* Foundation.framework */,
				D8EC4E2719C64AE6002E0FA4 /* CoreGraphics.framework */,
				D8EC4E2919C64AE6002E0FA4 /* UIKit.framework */,
				D8EC4E3E19C64AE6002E0FA4 /* XCTest.framework */,
				D412C81B69564DCD9D373A1D /* libPods-OO-sentenceTests.a */,
			);
			name = Frameworks;
			sourceTree = "<group>";
		};
		D8EC4E2B19C64AE6002E0FA4 /* OO-sentence */ = {
			isa = PBXGroup;
			children = (
				D8EC4E3419C64AE6002E0FA4 /* FISAppDelegate.h */,
				D8EC4E3519C64AE6002E0FA4 /* FISAppDelegate.m */,
				D8EC4E3719C64AE6002E0FA4 /* Images.xcassets */,
				D8EC4E2C19C64AE6002E0FA4 /* Supporting Files */,
			);
			path = "OO-sentence";
			sourceTree = "<group>";
		};
		D8EC4E2C19C64AE6002E0FA4 /* Supporting Files */ = {
			isa = PBXGroup;
			children = (
				D8EC4E2D19C64AE6002E0FA4 /* OO-sentence-Info.plist */,
				D8EC4E2E19C64AE6002E0FA4 /* InfoPlist.strings */,
				D8EC4E3119C64AE6002E0FA4 /* main.m */,
				D8EC4E3319C64AE6002E0FA4 /* OO-sentence-Prefix.pch */,
			);
			name = "Supporting Files";
			sourceTree = "<group>";
		};
		D8EC4E4419C64AE6002E0FA4 /* OO-sentenceTests */ = {
			isa = PBXGroup;
			children = (
				31B69E6A19C7976E00D0A5AB /* FISSentenceSpec.m */,
				D8EC4E4519C64AE6002E0FA4 /* Supporting Files */,
			);
			path = "OO-sentenceTests";
			sourceTree = "<group>";
		};
		D8EC4E4519C64AE6002E0FA4 /* Supporting Files */ = {
			isa = PBXGroup;
			children = (
				D8EC4E4619C64AE6002E0FA4 /* OO-sentenceTests-Info.plist */,
				D8EC4E4719C64AE6002E0FA4 /* InfoPlist.strings */,
			);
			name = "Supporting Files";
			sourceTree = "<group>";
		};
/* End PBXGroup section */

/* Begin PBXNativeTarget section */
		D8EC4E2119C64AE6002E0FA4 /* OO-sentence */ = {
			isa = PBXNativeTarget;
			buildConfigurationList = D8EC4E4E19C64AE6002E0FA4 /* Build configuration list for PBXNativeTarget "OO-sentence" */;
			buildPhases = (
				D8EC4E1E19C64AE6002E0FA4 /* Sources */,
				D8EC4E1F19C64AE6002E0FA4 /* Frameworks */,
				D8EC4E2019C64AE6002E0FA4 /* Resources */,
			);
			buildRules = (
			);
			dependencies = (
			);
			name = "OO-sentence";
			productName = "OO-sentence";
			productReference = D8EC4E2219C64AE6002E0FA4 /* OO-sentence.app */;
			productType = "com.apple.product-type.application";
		};
		D8EC4E3C19C64AE6002E0FA4 /* OO-sentenceTests */ = {
			isa = PBXNativeTarget;
			buildConfigurationList = D8EC4E5119C64AE6002E0FA4 /* Build configuration list for PBXNativeTarget "OO-sentenceTests" */;
			buildPhases = (
				02F6B88E294D41A8929A1280 /* Check Pods Manifest.lock */,
				D8EC4E3919C64AE6002E0FA4 /* Sources */,
				D8EC4E3A19C64AE6002E0FA4 /* Frameworks */,
				D8EC4E3B19C64AE6002E0FA4 /* Resources */,
				29B5113859574DC2967D4A8A /* Copy Pods Resources */,
			);
			buildRules = (
			);
			dependencies = (
				D8EC4E4319C64AE6002E0FA4 /* PBXTargetDependency */,
			);
			name = "OO-sentenceTests";
			productName = "OO-sentenceTests";
			productReference = D8EC4E3D19C64AE6002E0FA4 /* OO-sentenceTests.xctest */;
			productType = "com.apple.product-type.bundle.unit-test";
		};
/* End PBXNativeTarget section */

/* Begin PBXProject section */
		D8EC4E1A19C64AE6002E0FA4 /* Project object */ = {
			isa = PBXProject;
			attributes = {
				CLASSPREFIX = FIS;
				LastUpgradeCheck = 0510;
				ORGANIZATIONNAME = "Joe Burgess";
				TargetAttributes = {
					D8EC4E3C19C64AE6002E0FA4 = {
						TestTargetID = D8EC4E2119C64AE6002E0FA4;
					};
				};
			};
			buildConfigurationList = D8EC4E1D19C64AE6002E0FA4 /* Build configuration list for PBXProject "OO-sentence" */;
			compatibilityVersion = "Xcode 3.2";
			developmentRegion = English;
			hasScannedForEncodings = 0;
			knownRegions = (
				en,
			);
			mainGroup = D8EC4E1919C64AE6002E0FA4;
			productRefGroup = D8EC4E2319C64AE6002E0FA4 /* Products */;
			projectDirPath = "";
			projectRoot = "";
			targets = (
				D8EC4E2119C64AE6002E0FA4 /* OO-sentence */,
				D8EC4E3C19C64AE6002E0FA4 /* OO-sentenceTests */,
			);
		};
/* End PBXProject section */

/* Begin PBXResourcesBuildPhase section */
		D8EC4E2019C64AE6002E0FA4 /* Resources */ = {
			isa = PBXResourcesBuildPhase;
			buildActionMask = 2147483647;
			files = (
				D8EC4E3019C64AE6002E0FA4 /* InfoPlist.strings in Resources */,
				D8EC4E3819C64AE6002E0FA4 /* Images.xcassets in Resources */,
			);
			runOnlyForDeploymentPostprocessing = 0;
		};
		D8EC4E3B19C64AE6002E0FA4 /* Resources */ = {
			isa = PBXResourcesBuildPhase;
			buildActionMask = 2147483647;
			files = (
				D8EC4E4919C64AE6002E0FA4 /* InfoPlist.strings in Resources */,
			);
			runOnlyForDeploymentPostprocessing = 0;
		};
/* End PBXResourcesBuildPhase section */

/* Begin PBXShellScriptBuildPhase section */
		02F6B88E294D41A8929A1280 /* Check Pods Manifest.lock */ = {
			isa = PBXShellScriptBuildPhase;
			buildActionMask = 2147483647;
			files = (
			);
			inputPaths = (
			);
			name = "Check Pods Manifest.lock";
			outputPaths = (
			);
			runOnlyForDeploymentPostprocessing = 0;
			shellPath = /bin/sh;
			shellScript = "diff \"${PODS_ROOT}/../Podfile.lock\" \"${PODS_ROOT}/Manifest.lock\" > /dev/null\nif [[ $? != 0 ]] ; then\n    cat << EOM\nerror: The sandbox is not in sync with the Podfile.lock. Run 'pod install' or update your CocoaPods installation.\nEOM\n    exit 1\nfi\n";
			showEnvVarsInLog = 0;
		};
		29B5113859574DC2967D4A8A /* Copy Pods Resources */ = {
			isa = PBXShellScriptBuildPhase;
			buildActionMask = 2147483647;
			files = (
			);
			inputPaths = (
			);
			name = "Copy Pods Resources";
			outputPaths = (
			);
			runOnlyForDeploymentPostprocessing = 0;
			shellPath = /bin/sh;
			shellScript = "\"${SRCROOT}/Pods/Target Support Files/Pods-OO-sentenceTests/Pods-OO-sentenceTests-resources.sh\"\n";
			showEnvVarsInLog = 0;
		};
/* End PBXShellScriptBuildPhase section */

/* Begin PBXSourcesBuildPhase section */
		D8EC4E1E19C64AE6002E0FA4 /* Sources */ = {
			isa = PBXSourcesBuildPhase;
			buildActionMask = 2147483647;
			files = (
				D8EC4E3219C64AE6002E0FA4 /* main.m in Sources */,
				D8EC4E3619C64AE6002E0FA4 /* FISAppDelegate.m in Sources */,
			);
			runOnlyForDeploymentPostprocessing = 0;
		};
		D8EC4E3919C64AE6002E0FA4 /* Sources */ = {
			isa = PBXSourcesBuildPhase;
			buildActionMask = 2147483647;
			files = (
				31B69E6B19C7976E00D0A5AB /* FISSentenceSpec.m in Sources */,
			);
			runOnlyForDeploymentPostprocessing = 0;
		};
/* End PBXSourcesBuildPhase section */

/* Begin PBXTargetDependency section */
		D8EC4E4319C64AE6002E0FA4 /* PBXTargetDependency */ = {
			isa = PBXTargetDependency;
			target = D8EC4E2119C64AE6002E0FA4 /* OO-sentence */;
			targetProxy = D8EC4E4219C64AE6002E0FA4 /* PBXContainerItemProxy */;
		};
/* End PBXTargetDependency section */

/* Begin PBXVariantGroup section */
		D8EC4E2E19C64AE6002E0FA4 /* InfoPlist.strings */ = {
			isa = PBXVariantGroup;
			children = (
				D8EC4E2F19C64AE6002E0FA4 /* en */,
			);
			name = InfoPlist.strings;
			sourceTree = "<group>";
		};
		D8EC4E4719C64AE6002E0FA4 /* InfoPlist.strings */ = {
			isa = PBXVariantGroup;
			children = (
				D8EC4E4819C64AE6002E0FA4 /* en */,
			);
			name = InfoPlist.strings;
			sourceTree = "<group>";
		};
/* End PBXVariantGroup section */

/* Begin XCBuildConfiguration section */
		D8EC4E4C19C64AE6002E0FA4 /* Debug */ = {
			isa = XCBuildConfiguration;
			buildSettings = {
				ALWAYS_SEARCH_USER_PATHS = NO;
				CLANG_CXX_LANGUAGE_STANDARD = "gnu++0x";
				CLANG_CXX_LIBRARY = "libc++";
				CLANG_ENABLE_MODULES = YES;
				CLANG_ENABLE_OBJC_ARC = YES;
				CLANG_WARN_BOOL_CONVERSION = YES;
				CLANG_WARN_CONSTANT_CONVERSION = YES;
				CLANG_WARN_DIRECT_OBJC_ISA_USAGE = YES_ERROR;
				CLANG_WARN_EMPTY_BODY = YES;
				CLANG_WARN_ENUM_CONVERSION = YES;
				CLANG_WARN_INT_CONVERSION = YES;
				CLANG_WARN_OBJC_ROOT_CLASS = YES_ERROR;
				CLANG_WARN__DUPLICATE_METHOD_MATCH = YES;
				"CODE_SIGN_IDENTITY[sdk=iphoneos*]" = "iPhone Developer";
				COPY_PHASE_STRIP = NO;
				GCC_C_LANGUAGE_STANDARD = gnu99;
				GCC_DYNAMIC_NO_PIC = NO;
				GCC_OPTIMIZATION_LEVEL = 0;
				GCC_PREPROCESSOR_DEFINITIONS = (
					"DEBUG=1",
					"$(inherited)",
				);
				GCC_SYMBOLS_PRIVATE_EXTERN = NO;
				GCC_WARN_64_TO_32_BIT_CONVERSION = YES;
				GCC_WARN_ABOUT_RETURN_TYPE = YES_ERROR;
				GCC_WARN_UNDECLARED_SELECTOR = YES;
				GCC_WARN_UNINITIALIZED_AUTOS = YES_AGGRESSIVE;
				GCC_WARN_UNUSED_FUNCTION = YES;
				GCC_WARN_UNUSED_VARIABLE = YES;
				IPHONEOS_DEPLOYMENT_TARGET = 7.1;
				ONLY_ACTIVE_ARCH = YES;
				SDKROOT = iphoneos;
			};
			name = Debug;
		};
		D8EC4E4D19C64AE6002E0FA4 /* Release */ = {
			isa = XCBuildConfiguration;
			buildSettings = {
				ALWAYS_SEARCH_USER_PATHS = NO;
				CLANG_CXX_LANGUAGE_STANDARD = "gnu++0x";
				CLANG_CXX_LIBRARY = "libc++";
				CLANG_ENABLE_MODULES = YES;
				CLANG_ENABLE_OBJC_ARC = YES;
				CLANG_WARN_BOOL_CONVERSION = YES;
				CLANG_WARN_CONSTANT_CONVERSION = YES;
				CLANG_WARN_DIRECT_OBJC_ISA_USAGE = YES_ERROR;
				CLANG_WARN_EMPTY_BODY = YES;
				CLANG_WARN_ENUM_CONVERSION = YES;
				CLANG_WARN_INT_CONVERSION = YES;
				CLANG_WARN_OBJC_ROOT_CLASS = YES_ERROR;
				CLANG_WARN__DUPLICATE_METHOD_MATCH = YES;
				"CODE_SIGN_IDENTITY[sdk=iphoneos*]" = "iPhone Developer";
				COPY_PHASE_STRIP = YES;
				ENABLE_NS_ASSERTIONS = NO;
				GCC_C_LANGUAGE_STANDARD = gnu99;
				GCC_WARN_64_TO_32_BIT_CONVERSION = YES;
				GCC_WARN_ABOUT_RETURN_TYPE = YES_ERROR;
				GCC_WARN_UNDECLARED_SELECTOR = YES;
				GCC_WARN_UNINITIALIZED_AUTOS = YES_AGGRESSIVE;
				GCC_WARN_UNUSED_FUNCTION = YES;
				GCC_WARN_UNUSED_VARIABLE = YES;
				IPHONEOS_DEPLOYMENT_TARGET = 7.1;
				SDKROOT = iphoneos;
				VALIDATE_PRODUCT = YES;
			};
			name = Release;
		};
		D8EC4E4F19C64AE6002E0FA4 /* Debug */ = {
			isa = XCBuildConfiguration;
			buildSettings = {
				ASSETCATALOG_COMPILER_APPICON_NAME = AppIcon;
				ASSETCATALOG_COMPILER_LAUNCHIMAGE_NAME = LaunchImage;
				GCC_PRECOMPILE_PREFIX_HEADER = YES;
				GCC_PREFIX_HEADER = "OO-sentence/OO-sentence-Prefix.pch";
				INFOPLIST_FILE = "OO-sentence/OO-sentence-Info.plist";
				PRODUCT_NAME = "$(TARGET_NAME)";
				WRAPPER_EXTENSION = app;
			};
			name = Debug;
		};
		D8EC4E5019C64AE6002E0FA4 /* Release */ = {
			isa = XCBuildConfiguration;
			buildSettings = {
				ASSETCATALOG_COMPILER_APPICON_NAME = AppIcon;
				ASSETCATALOG_COMPILER_LAUNCHIMAGE_NAME = LaunchImage;
				GCC_PRECOMPILE_PREFIX_HEADER = YES;
				GCC_PREFIX_HEADER = "OO-sentence/OO-sentence-Prefix.pch";
				INFOPLIST_FILE = "OO-sentence/OO-sentence-Info.plist";
				PRODUCT_NAME = "$(TARGET_NAME)";
				WRAPPER_EXTENSION = app;
			};
			name = Release;
		};
		D8EC4E5219C64AE6002E0FA4 /* Debug */ = {
			isa = XCBuildConfiguration;
			baseConfigurationReference = B77B44D61F15DC74CDD1ABB7 /* Pods-OO-sentenceTests.debug.xcconfig */;
			buildSettings = {
				BUNDLE_LOADER = "$(BUILT_PRODUCTS_DIR)/OO-sentence.app/OO-sentence";
				FRAMEWORK_SEARCH_PATHS = (
					"$(SDKROOT)/Developer/Library/Frameworks",
					"$(inherited)",
					"$(DEVELOPER_FRAMEWORKS_DIR)",
				);
				GCC_PRECOMPILE_PREFIX_HEADER = YES;
				GCC_PREFIX_HEADER = "OO-sentence/OO-sentence-Prefix.pch";
				GCC_PREPROCESSOR_DEFINITIONS = (
					"DEBUG=1",
					"$(inherited)",
				);
				INFOPLIST_FILE = "OO-sentenceTests/OO-sentenceTests-Info.plist";
				PRODUCT_NAME = "$(TARGET_NAME)";
				TEST_HOST = "$(BUNDLE_LOADER)";
				WRAPPER_EXTENSION = xctest;
			};
			name = Debug;
		};
		D8EC4E5319C64AE6002E0FA4 /* Release */ = {
			isa = XCBuildConfiguration;
			baseConfigurationReference = 31CBD5D7EBE2C6E3DFE1778F /* Pods-OO-sentenceTests.release.xcconfig */;
			buildSettings = {
				BUNDLE_LOADER = "$(BUILT_PRODUCTS_DIR)/OO-sentence.app/OO-sentence";
				FRAMEWORK_SEARCH_PATHS = (
					"$(SDKROOT)/Developer/Library/Frameworks",
					"$(inherited)",
					"$(DEVELOPER_FRAMEWORKS_DIR)",
				);
				GCC_PRECOMPILE_PREFIX_HEADER = YES;
				GCC_PREFIX_HEADER = "OO-sentence/OO-sentence-Prefix.pch";
				INFOPLIST_FILE = "OO-sentenceTests/OO-sentenceTests-Info.plist";
				PRODUCT_NAME = "$(TARGET_NAME)";
				TEST_HOST = "$(BUNDLE_LOADER)";
				WRAPPER_EXTENSION = xctest;
			};
			name = Release;
		};
/* End XCBuildConfiguration section */

/* Begin XCConfigurationList section */
		D8EC4E1D19C64AE6002E0FA4 /* Build configuration list for PBXProject "OO-sentence" */ = {
			isa = XCConfigurationList;
			buildConfigurations = (
				D8EC4E4C19C64AE6002E0FA4 /* Debug */,
				D8EC4E4D19C64AE6002E0FA4 /* Release */,
			);
			defaultConfigurationIsVisible = 0;
			defaultConfigurationName = Release;
		};
		D8EC4E4E19C64AE6002E0FA4 /* Build configuration list for PBXNativeTarget "OO-sentence" */ = {
			isa = XCConfigurationList;
			buildConfigurations = (
				D8EC4E4F19C64AE6002E0FA4 /* Debug */,
				D8EC4E5019C64AE6002E0FA4 /* Release */,
			);
			defaultConfigurationIsVisible = 0;
			defaultConfigurationName = Release;
		};
		D8EC4E5119C64AE6002E0FA4 /* Build configuration list for PBXNativeTarget "OO-sentenceTests" */ = {
			isa = XCConfigurationList;
			buildConfigurations = (
				D8EC4E5219C64AE6002E0FA4 /* Debug */,
				D8EC4E5319C64AE6002E0FA4 /* Release */,
			);
			defaultConfigurationIsVisible = 0;
			defaultConfigurationName = Release;
		};
/* End XCConfigurationList section */
	};
	rootObject = D8EC4E1A19C64AE6002E0FA4 /* Project object */;
}
